
Microsoft Visual Studio Solution File, Format Version 12.00
# Visual Studio Version 16
VisualStudioVersion = 16.0.32002.261
MinimumVisualStudioVersion = 10.0.40219.1
Project("{FAE04EC0-301F-11D3-BF4B-00C04F79EFBC}") = "Test_Task", "Test_Task.csproj", "{6B718D1B-6F93-4C99-8449-29042DAD534C}"
EndProject
Global
	GlobalSection(SolutionConfigurationPlatforms) = preSolution
		Debug|Any CPU = Debug|Any CPU
		Release|Any CPU = Release|Any CPU
	EndGlobalSection
	GlobalSection(ProjectConfigurationPlatforms) = postSolution
		{6B718D1B-6F93-4C99-8449-29042DAD534C}.Debug|Any CPU.ActiveCfg = Debug|Any CPU
		{6B718D1B-6F93-4C99-8449-29042DAD534C}.Debug|Any CPU.Build.0 = Debug|Any CPU
		{6B718D1B-6F93-4C99-8449-29042DAD534C}.Release|Any CPU.ActiveCfg = Release|Any CPU
		{6B718D1B-6F93-4C99-8449-29042DAD534C}.Release|Any CPU.Build.0 = Release|Any CPU
	EndGlobalSection
	GlobalSection(SolutionProperties) = preSolution
		HideSolutionNode = FALSE
	EndGlobalSection
	GlobalSection(ExtensibilityGlobals) = postSolution
		SolutionGuid = {408C88E3-1D57-4E32-901A-1FBAA01336C7}
	EndGlobalSection
EndGlobal
